
Microsoft Visual Studio Solution File, Format Version 12.00
# Visual Studio Version 17
VisualStudioVersion = 17.2.32516.85
MinimumVisualStudioVersion = 10.0.40219.1
Project("{FAE04EC0-301F-11D3-BF4B-00C04F79EFBC}") = "4 Kata Breadcrumb Generator", "4 Kata Breadcrumb Generator\4 Kata Breadcrumb Generator.csproj", "{8C74FDD4-A624-4EE8-BEDB-09F0248300B1}"
EndProject
Global
	GlobalSection(SolutionConfigurationPlatforms) = preSolution
		Debug|Any CPU = Debug|Any CPU
		Release|Any CPU = Release|Any CPU
	EndGlobalSection
	GlobalSection(ProjectConfigurationPlatforms) = postSolution
		{8C74FDD4-A624-4EE8-BEDB-09F0248300B1}.Debug|Any CPU.ActiveCfg = Debug|Any CPU
		{8C74FDD4-A624-4EE8-BEDB-09F0248300B1}.Debug|Any CPU.Build.0 = Debug|Any CPU
		{8C74FDD4-A624-4EE8-BEDB-09F0248300B1}.Release|Any CPU.ActiveCfg = Release|Any CPU
		{8C74FDD4-A624-4EE8-BEDB-09F0248300B1}.Release|Any CPU.Build.0 = Release|Any CPU
	EndGlobalSection
	GlobalSection(SolutionProperties) = preSolution
		HideSolutionNode = FALSE
	EndGlobalSection
	GlobalSection(ExtensibilityGlobals) = postSolution
		SolutionGuid = {FBD6B823-E9E9-4AE9-A77B-590DA7DD2A4F}
	EndGlobalSection
EndGlobal
